
Microsoft Visual Studio Solution File, Format Version 12.00
# Visual Studio Version 16
VisualStudioVersion = 16.0.31129.286
MinimumVisualStudioVersion = 10.0.40219.1
Project("{8BC9CEB8-8B4A-11D0-8D11-00A0C91BC942}") = "Study_contract", "Study_contract\Study_contract.vcxproj", "{075AD4A3-FD5E-4480-BEE3-7F0A69F10002}"
EndProject
Global
	GlobalSection(SolutionConfigurationPlatforms) = preSolution
		Debug|x64 = Debug|x64
		Debug|x86 = Debug|x86
		Release|x64 = Release|x64
		Release|x86 = Release|x86
	EndGlobalSection
	GlobalSection(ProjectConfigurationPlatforms) = postSolution
		{075AD4A3-FD5E-4480-BEE3-7F0A69F10002}.Debug|x64.ActiveCfg = Debug|x64
		{075AD4A3-FD5E-4480-BEE3-7F0A69F10002}.Debug|x64.Build.0 = Debug|x64
		{075AD4A3-FD5E-4480-BEE3-7F0A69F10002}.Debug|x86.ActiveCfg = Debug|Win32
		{075AD4A3-FD5E-4480-BEE3-7F0A69F10002}.Debug|x86.Build.0 = Debug|Win32
		{075AD4A3-FD5E-4480-BEE3-7F0A69F10002}.Release|x64.ActiveCfg = Release|x64
		{075AD4A3-FD5E-4480-BEE3-7F0A69F10002}.Release|x64.Build.0 = Release|x64
		{075AD4A3-FD5E-4480-BEE3-7F0A69F10002}.Release|x86.ActiveCfg = Release|Win32
		{075AD4A3-FD5E-4480-BEE3-7F0A69F10002}.Release|x86.Build.0 = Release|Win32
	EndGlobalSection
	GlobalSection(SolutionProperties) = preSolution
		HideSolutionNode = FALSE
	EndGlobalSection
	GlobalSection(ExtensibilityGlobals) = postSolution
		SolutionGuid = {EC5CE27A-6B50-4EB8-A8C4-D4EF5768E57E}
	EndGlobalSection
EndGlobal
